
Microsoft Visual Studio Solution File, Format Version 12.00
# Visual Studio Version 16
VisualStudioVersion = 16.0.31129.286
MinimumVisualStudioVersion = 10.0.40219.1
Project("{FAE04EC0-301F-11D3-BF4B-00C04F79EFBC}") = "DVP", "DVP\DVP.csproj", "{538B1913-B0A2-4268-8BD9-D58BBB224F23}"
EndProject
Global
	GlobalSection(SolutionConfigurationPlatforms) = preSolution
		Debug|Any CPU = Debug|Any CPU
		Release|Any CPU = Release|Any CPU
	EndGlobalSection
	GlobalSection(ProjectConfigurationPlatforms) = postSolution
		{538B1913-B0A2-4268-8BD9-D58BBB224F23}.Debug|Any CPU.ActiveCfg = Debug|Any CPU
		{538B1913-B0A2-4268-8BD9-D58BBB224F23}.Debug|Any CPU.Build.0 = Debug|Any CPU
		{538B1913-B0A2-4268-8BD9-D58BBB224F23}.Release|Any CPU.ActiveCfg = Release|Any CPU
		{538B1913-B0A2-4268-8BD9-D58BBB224F23}.Release|Any CPU.Build.0 = Release|Any CPU
	EndGlobalSection
	GlobalSection(SolutionProperties) = preSolution
		HideSolutionNode = FALSE
	EndGlobalSection
	GlobalSection(ExtensibilityGlobals) = postSolution
		SolutionGuid = {4AB5088C-7646-4673-977D-AB9A60749DEB}
	EndGlobalSection
EndGlobal
